
Microsoft Visual Studio Solution File, Format Version 12.00
# Visual Studio Version 16
VisualStudioVersion = 16.0.32228.343
MinimumVisualStudioVersion = 10.0.40219.1
Project("{FAE04EC0-301F-11D3-BF4B-00C04F79EFBC}") = "ConsoleApp6", "ConsoleApp6\ConsoleApp6.csproj", "{45EF3D80-C1D2-43EC-B413-939B2BAA6F0B}"
EndProject
Global
	GlobalSection(SolutionConfigurationPlatforms) = preSolution
		Debug|Any CPU = Debug|Any CPU
		Release|Any CPU = Release|Any CPU
	EndGlobalSection
	GlobalSection(ProjectConfigurationPlatforms) = postSolution
		{45EF3D80-C1D2-43EC-B413-939B2BAA6F0B}.Debug|Any CPU.ActiveCfg = Debug|Any CPU
		{45EF3D80-C1D2-43EC-B413-939B2BAA6F0B}.Debug|Any CPU.Build.0 = Debug|Any CPU
		{45EF3D80-C1D2-43EC-B413-939B2BAA6F0B}.Release|Any CPU.ActiveCfg = Release|Any CPU
		{45EF3D80-C1D2-43EC-B413-939B2BAA6F0B}.Release|Any CPU.Build.0 = Release|Any CPU
	EndGlobalSection
	GlobalSection(SolutionProperties) = preSolution
		HideSolutionNode = FALSE
	EndGlobalSection
	GlobalSection(ExtensibilityGlobals) = postSolution
		SolutionGuid = {0F1D48C2-28F6-4B40-92F6-6E19FD1FE9A3}
	EndGlobalSection
EndGlobal
